
Microsoft Visual Studio Solution File, Format Version 12.00
# Visual Studio Version 16
VisualStudioVersion = 16.0.32602.291
MinimumVisualStudioVersion = 10.0.40219.1
Project("{8BC9CEB8-8B4A-11D0-8D11-00A0C91BC942}") = "CLIApp", "CLIApp\CLIApp.vcxproj", "{DAFE0740-3EE2-45FD-8D82-13EA0C942616}"
EndProject
Project("{8BC9CEB8-8B4A-11D0-8D11-00A0C91BC942}") = "UIApp", "UIApp\UIApp.vcxproj", "{CE94763E-0F8B-483A-8923-271E0F452E01}"
EndProject
Global
	GlobalSection(SolutionConfigurationPlatforms) = preSolution
		Debug|x64 = Debug|x64
		Debug|x86 = Debug|x86
		Release|x64 = Release|x64
		Release|x86 = Release|x86
	EndGlobalSection
	GlobalSection(ProjectConfigurationPlatforms) = postSolution
		{DAFE0740-3EE2-45FD-8D82-13EA0C942616}.Debug|x64.ActiveCfg = Debug|x64
		{DAFE0740-3EE2-45FD-8D82-13EA0C942616}.Debug|x64.Build.0 = Debug|x64
		{DAFE0740-3EE2-45FD-8D82-13EA0C942616}.Debug|x86.ActiveCfg = Debug|Win32
		{DAFE0740-3EE2-45FD-8D82-13EA0C942616}.Debug|x86.Build.0 = Debug|Win32
		{DAFE0740-3EE2-45FD-8D82-13EA0C942616}.Release|x64.ActiveCfg = Release|x64
		{DAFE0740-3EE2-45FD-8D82-13EA0C942616}.Release|x64.Build.0 = Release|x64
		{DAFE0740-3EE2-45FD-8D82-13EA0C942616}.Release|x86.ActiveCfg = Release|Win32
		{DAFE0740-3EE2-45FD-8D82-13EA0C942616}.Release|x86.Build.0 = Release|Win32
		{CE94763E-0F8B-483A-8923-271E0F452E01}.Debug|x64.ActiveCfg = Debug|x64
		{CE94763E-0F8B-483A-8923-271E0F452E01}.Debug|x64.Build.0 = Debug|x64
		{CE94763E-0F8B-483A-8923-271E0F452E01}.Debug|x86.ActiveCfg = Debug|Win32
		{CE94763E-0F8B-483A-8923-271E0F452E01}.Debug|x86.Build.0 = Debug|Win32
		{CE94763E-0F8B-483A-8923-271E0F452E01}.Release|x64.ActiveCfg = Release|x64
		{CE94763E-0F8B-483A-8923-271E0F452E01}.Release|x64.Build.0 = Release|x64
		{CE94763E-0F8B-483A-8923-271E0F452E01}.Release|x86.ActiveCfg = Release|Win32
		{CE94763E-0F8B-483A-8923-271E0F452E01}.Release|x86.Build.0 = Release|Win32
	EndGlobalSection
	GlobalSection(SolutionProperties) = preSolution
		HideSolutionNode = FALSE
	EndGlobalSection
	GlobalSection(ExtensibilityGlobals) = postSolution
		SolutionGuid = {9BAB4BE5-53FB-40E4-AAD4-4C44E0D818FA}
	EndGlobalSection
EndGlobal
